
Microsoft Visual Studio Solution File, Format Version 12.00
# Visual Studio Version 17
VisualStudioVersion = 17.10.35004.147
MinimumVisualStudioVersion = 10.0.40219.1
Project("{FAE04EC0-301F-11D3-BF4B-00C04F79EFBC}") = "JQuery-Audi1", "JQuery-Audi1.csproj", "{AC5C01A5-4089-4E24-A00B-F22DF2B7AE4F}"
EndProject
Global
	GlobalSection(SolutionConfigurationPlatforms) = preSolution
		Debug|Any CPU = Debug|Any CPU
		Release|Any CPU = Release|Any CPU
	EndGlobalSection
	GlobalSection(ProjectConfigurationPlatforms) = postSolution
		{AC5C01A5-4089-4E24-A00B-F22DF2B7AE4F}.Debug|Any CPU.ActiveCfg = Debug|Any CPU
		{AC5C01A5-4089-4E24-A00B-F22DF2B7AE4F}.Debug|Any CPU.Build.0 = Debug|Any CPU
		{AC5C01A5-4089-4E24-A00B-F22DF2B7AE4F}.Release|Any CPU.ActiveCfg = Release|Any CPU
		{AC5C01A5-4089-4E24-A00B-F22DF2B7AE4F}.Release|Any CPU.Build.0 = Release|Any CPU
	EndGlobalSection
	GlobalSection(SolutionProperties) = preSolution
		HideSolutionNode = FALSE
	EndGlobalSection
	GlobalSection(ExtensibilityGlobals) = postSolution
		SolutionGuid = {F16086C9-A42F-4C82-B196-A64AD43CE8B1}
	EndGlobalSection
EndGlobal
